// !$*UTF8*$!
{
	archiveVersion = 1;
	classes = {
	};
	objectVersion = 50;
	objects = {

/* Begin PBXBuildFile section */
		A2918E2B25AD8BD200CC811A /* AppDelegate.swift in Sources */ = {isa = PBXBuildFile; fileRef = A2918E2A25AD8BD200CC811A /* AppDelegate.swift */; };
		A2918E2D25AD8BD200CC811A /* SceneDelegate.swift in Sources */ = {isa = PBXBuildFile; fileRef = A2918E2C25AD8BD200CC811A /* SceneDelegate.swift */; };
		A2918E2F25AD8BD200CC811A /* ContentView.swift in Sources */ = {isa = PBXBuildFile; fileRef = A2918E2E25AD8BD200CC811A /* ContentView.swift */; };
		A2918E3425AD8BD500CC811A /* Preview Assets.xcassets in Resources */ = {isa = PBXBuildFile; fileRef = A2918E3325AD8BD500CC811A /* Preview Assets.xcassets */; };
		A2918E3725AD8BD500CC811A /* LaunchScreen.storyboard in Resources */ = {isa = PBXBuildFile; fileRef = A2918E3525AD8BD500CC811A /* LaunchScreen.storyboard */; };
		A2918E4125AD8F1800CC811A /* Assets.xcassets in Resources */ = {isa = PBXBuildFile; fileRef = A2918E4025AD8F1800CC811A /* Assets.xcassets */; };
/* End PBXBuildFile section */

/* Begin PBXFileReference section */
		A2918E2725AD8BD200CC811A /* Stylish_VPN_App.app */ = {isa = PBXFileReference; explicitFileType = wrapper.application; includeInIndex = 0; path = Stylish_VPN_App.app; sourceTree = BUILT_PRODUCTS_DIR; };
		A2918E2A25AD8BD200CC811A /* AppDelegate.swift */ = {isa = PBXFileReference; lastKnownFileType = sourcecode.swift; path = AppDelegate.swift; sourceTree = "<group>"; };
		A2918E2C25AD8BD200CC811A /* SceneDelegate.swift */ = {isa = PBXFileReference; lastKnownFileType = sourcecode.swift; path = SceneDelegate.swift; sourceTree = "<group>"; };
		A2918E2E25AD8BD200CC811A /* ContentView.swift */ = {isa = PBXFileReference; lastKnownFileType = sourcecode.swift; path = ContentView.swift; sourceTree = "<group>"; };
		A2918E3325AD8BD500CC811A /* Preview Assets.xcassets */ = {isa = PBXFileReference; lastKnownFileType = folder.assetcatalog; path = "Preview Assets.xcassets"; sourceTree = "<group>"; };
		A2918E3625AD8BD500CC811A /* Base */ = {isa = PBXFileReference; lastKnownFileType = file.storyboard; name = Base; path = Base.lproj/LaunchScreen.storyboard; sourceTree = "<group>"; };
		A2918E3825AD8BD500CC811A /* Info.plist */ = {isa = PBXFileReference; lastKnownFileType = text.plist.xml; path = Info.plist; sourceTree = "<group>"; };
		A2918E4025AD8F1800CC811A /* Assets.xcassets */ = {isa = PBXFileReference; lastKnownFileType = folder.assetcatalog; path = Assets.xcassets; sourceTree = "<group>"; };
/* End PBXFileReference section */

/* Begin PBXFrameworksBuildPhase section */
		A2918E2425AD8BD200CC811A /* Frameworks */ = {
			isa = PBXFrameworksBuildPhase;
			buildActionMask = 2147483647;
			files = (
			);
			runOnlyForDeploymentPostprocessing = 0;
		};
/* End PBXFrameworksBuildPhase section */

/* Begin PBXGroup section */
		A2918E1E25AD8BD200CC811A = {
			isa = PBXGroup;
			children = (
				A2918E2925AD8BD200CC811A /* Stylish_VPN_App */,
				A2918E2825AD8BD200CC811A /* Products */,
			);
			sourceTree = "<group>";
		};
		A2918E2825AD8BD200CC811A /* Products */ = {
			isa = PBXGroup;
			children = (
				A2918E2725AD8BD200CC811A /* Stylish_VPN_App.app */,
			);
			name = Products;
			sourceTree = "<group>";
		};
		A2918E2925AD8BD200CC811A /* Stylish_VPN_App */ = {
			isa = PBXGroup;
			children = (
				A2918E2A25AD8BD200CC811A /* AppDelegate.swift */,
				A2918E2C25AD8BD200CC811A /* SceneDelegate.swift */,
				A2918E2E25AD8BD200CC811A /* ContentView.swift */,
				A2918E4025AD8F1800CC811A /* Assets.xcassets */,
				A2918E3525AD8BD500CC811A /* LaunchScreen.storyboard */,
				A2918E3825AD8BD500CC811A /* Info.plist */,
				A2918E3225AD8BD500CC811A /* Preview Content */,
			);
			path = Stylish_VPN_App;
			sourceTree = "<group>";
		};
		A2918E3225AD8BD500CC811A /* Preview Content */ = {
			isa = PBXGroup;
			children = (
				A2918E3325AD8BD500CC811A /* Preview Assets.xcassets */,
			);
			path = "Preview Content";
			sourceTree = "<group>";
		};
/* End PBXGroup section */

/* Begin PBXNativeTarget section */
		A2918E2625AD8BD200CC811A /* Stylish_VPN_App */ = {
			isa = PBXNativeTarget;
			buildConfigurationList = A2918E3B25AD8BD500CC811A /* Build configuration list for PBXNativeTarget "Stylish_VPN_App" */;
			buildPhases = (
				A2918E2325AD8BD200CC811A /* Sources */,
				A2918E2425AD8BD200CC811A /* Frameworks */,
				A2918E2525AD8BD200CC811A /* Resources */,
			);
			buildRules = (
			);
			dependencies = (
			);
			name = Stylish_VPN_App;
			productName = Stylish_VPN_App;
			productReference = A2918E2725AD8BD200CC811A /* Stylish_VPN_App.app */;
			productType = "com.apple.product-type.application";
		};
/* End PBXNativeTarget section */

/* Begin PBXProject section */
		A2918E1F25AD8BD200CC811A /* Project object */ = {
			isa = PBXProject;
			attributes = {
				LastSwiftUpdateCheck = 1170;
				LastUpgradeCheck = 1170;
				ORGANIZATIONNAME = "park kyung suk";
				TargetAttributes = {
					A2918E2625AD8BD200CC811A = {
						CreatedOnToolsVersion = 11.7;
					};
				};
			};
			buildConfigurationList = A2918E2225AD8BD200CC811A /* Build configuration list for PBXProject "Stylish_VPN_App" */;
			compatibilityVersion = "Xcode 9.3";
			developmentRegion = en;
			hasScannedForEncodings = 0;
			knownRegions = (
				en,
				Base,
			);
			mainGroup = A2918E1E25AD8BD200CC811A;
			productRefGroup = A2918E2825AD8BD200CC811A /* Products */;
			projectDirPath = "";
			projectRoot = "";
			targets = (
				A2918E2625AD8BD200CC811A /* Stylish_VPN_App */,
			);
		};
/* End PBXProject section */

/* Begin PBXResourcesBuildPhase section */
		A2918E2525AD8BD200CC811A /* Resources */ = {
			isa = PBXResourcesBuildPhase;
			buildActionMask = 2147483647;
			files = (
				A2918E3725AD8BD500CC811A /* LaunchScreen.storyboard in Resources */,
				A2918E4125AD8F1800CC811A /* Assets.xcassets in Resources */,
				A2918E3425AD8BD500CC811A /* Preview Assets.xcassets in Resources */,
			);
			runOnlyForDeploymentPostprocessing = 0;
		};
/* End PBXResourcesBuildPhase section */

/* Begin PBXSourcesBuildPhase section */
		A2918E2325AD8BD200CC811A /* Sources */ = {
			isa = PBXSourcesBuildPhase;
			buildActionMask = 2147483647;
			files = (
				A2918E2B25AD8BD200CC811A /* AppDelegate.swift in Sources */,
				A2918E2D25AD8BD200CC811A /* SceneDelegate.swift in Sources */,
				A2918E2F25AD8BD200CC811A /* ContentView.swift in Sources */,
			);
			runOnlyForDeploymentPostprocessing = 0;
		};
/* End PBXSourcesBuildPhase section */

/* Begin PBXVariantGroup section */
		A2918E3525AD8BD500CC811A /* LaunchScreen.storyboard */ = {
			isa = PBXVariantGroup;
			children = (
				A2918E3625AD8BD500CC811A /* Base */,
			);
			name = LaunchScreen.storyboard;
			sourceTree = "<group>";
		};
/* End PBXVariantGroup section */

/* Begin XCBuildConfiguration section */
		A2918E3925AD8BD500CC811A /* Debug */ = {
			isa = XCBuildConfiguration;
			buildSettings = {
				ALWAYS_SEARCH_USER_PATHS = NO;
				CLANG_ANALYZER_NONNULL = YES;
				CLANG_ANALYZER_NUMBER_OBJECT_CONVERSION = YES_AGGRESSIVE;
				CLANG_CXX_LANGUAGE_STANDARD = "gnu++14";
				CLANG_CXX_LIBRARY = "libc++";
				CLANG_ENABLE_MODULES = YES;
				CLANG_ENABLE_OBJC_ARC = YES;
				CLANG_ENABLE_OBJC_WEAK = YES;
				CLANG_WARN_BLOCK_CAPTURE_AUTORELEASING = YES;
				CLANG_WARN_BOOL_CONVERSION = YES;
				CLANG_WARN_COMMA = YES;
				CLANG_WARN_CONSTANT_CONVERSION = YES;
				CLANG_WARN_DEPRECATED_OBJC_IMPLEMENTATIONS = YES;
				CLANG_WARN_DIRECT_OBJC_ISA_USAGE = YES_ERROR;
				CLANG_WARN_DOCUMENTATION_COMMENTS = YES;
				CLANG_WARN_EMPTY_BODY = YES;
				CLANG_WARN_ENUM_CONVERSION = YES;
				CLANG_WARN_INFINITE_RECURSION = YES;
				CLANG_WARN_INT_CONVERSION = YES;
				CLANG_WARN_NON_LITERAL_NULL_CONVERSION = YES;
				CLANG_WARN_OBJC_IMPLICIT_RETAIN_SELF = YES;
				CLANG_WARN_OBJC_LITERAL_CONVERSION = YES;
				CLANG_WARN_OBJC_ROOT_CLASS = YES_ERROR;
				CLANG_WARN_RANGE_LOOP_ANALYSIS = YES;
				CLANG_WARN_STRICT_PROTOTYPES = YES;
				CLANG_WARN_SUSPICIOUS_MOVE = YES;
				CLANG_WARN_UNGUARDED_AVAILABILITY = YES_AGGRESSIVE;
				CLANG_WARN_UNREACHABLE_CODE = YES;
				CLANG_WARN__DUPLICATE_METHOD_MATCH = YES;
				COPY_PHASE_STRIP = NO;
				DEBUG_INFORMATION_FORMAT = dwarf;
				ENABLE_STRICT_OBJC_MSGSEND = YES;
				ENABLE_TESTABILITY = YES;
				GCC_C_LANGUAGE_STANDARD = gnu11;
				GCC_DYNAMIC_NO_PIC = NO;
				GCC_NO_COMMON_BLOCKS = YES;
				GCC_OPTIMIZATION_LEVEL = 0;
				GCC_PREPROCESSOR_DEFINITIONS = (
					"DEBUG=1",
					"$(inherited)",
				);
				GCC_WARN_64_TO_32_BIT_CONVERSION = YES;
				GCC_WARN_ABOUT_RETURN_TYPE = YES_ERROR;
				GCC_WARN_UNDECLARED_SELECTOR = YES;
				GCC_WARN_UNINITIALIZED_AUTOS = YES_AGGRESSIVE;
				GCC_WARN_UNUSED_FUNCTION = YES;
				GCC_WARN_UNUSED_VARIABLE = YES;
				IPHONEOS_DEPLOYMENT_TARGET = 13.7;
				MTL_ENABLE_DEBUG_INFO = INCLUDE_SOURCE;
				MTL_FAST_MATH = YES;
				ONLY_ACTIVE_ARCH = YES;
				SDKROOT = iphoneos;
				SWIFT_ACTIVE_COMPILATION_CONDITIONS = DEBUG;
				SWIFT_OPTIMIZATION_LEVEL = "-Onone";
			};
			name = Debug;
		};
		A2918E3A25AD8BD500CC811A /* Release */ = {
			isa = XCBuildConfiguration;
			buildSettings = {
				ALWAYS_SEARCH_USER_PATHS = NO;
				CLANG_ANALYZER_NONNULL = YES;
				CLANG_ANALYZER_NUMBER_OBJECT_CONVERSION = YES_AGGRESSIVE;
				CLANG_CXX_LANGUAGE_STANDARD = "gnu++14";
				CLANG_CXX_LIBRARY = "libc++";
				CLANG_ENABLE_MODULES = YES;
				CLANG_ENABLE_OBJC_ARC = YES;
				CLANG_ENABLE_OBJC_WEAK = YES;
				CLANG_WARN_BLOCK_CAPTURE_AUTORELEASING = YES;
				CLANG_WARN_BOOL_CONVERSION = YES;
				CLANG_WARN_COMMA = YES;
				CLANG_WARN_CONSTANT_CONVERSION = YES;
				CLANG_WARN_DEPRECATED_OBJC_IMPLEMENTATIONS = YES;
				CLANG_WARN_DIRECT_OBJC_ISA_USAGE = YES_ERROR;
				CLANG_WARN_DOCUMENTATION_COMMENTS = YES;
				CLANG_WARN_EMPTY_BODY = YES;
				CLANG_WARN_ENUM_CONVERSION = YES;
				CLANG_WARN_INFINITE_RECURSION = YES;
				CLANG_WARN_INT_CONVERSION = YES;
				CLANG_WARN_NON_LITERAL_NULL_CONVERSION = YES;
				CLANG_WARN_OBJC_IMPLICIT_RETAIN_SELF = YES;
				CLANG_WARN_OBJC_LITERAL_CONVERSION = YES;
				CLANG_WARN_OBJC_ROOT_CLASS = YES_ERROR;
				CLANG_WARN_RANGE_LOOP_ANALYSIS = YES;
				CLANG_WARN_STRICT_PROTOTYPES = YES;
				CLANG_WARN_SUSPICIOUS_MOVE = YES;
				CLANG_WARN_UNGUARDED_AVAILABILITY = YES_AGGRESSIVE;
				CLANG_WARN_UNREACHABLE_CODE = YES;
				CLANG_WARN__DUPLICATE_METHOD_MATCH = YES;
				COPY_PHASE_STRIP = NO;
				DEBUG_INFORMATION_FORMAT = "dwarf-with-dsym";
				ENABLE_NS_ASSERTIONS = NO;
				ENABLE_STRICT_OBJC_MSGSEND = YES;
				GCC_C_LANGUAGE_STANDARD = gnu11;
				GCC_NO_COMMON_BLOCKS = YES;
				GCC_WARN_64_TO_32_BIT_CONVERSION = YES;
				GCC_WARN_ABOUT_RETURN_TYPE = YES_ERROR;
				GCC_WARN_UNDECLARED_SELECTOR = YES;
				GCC_WARN_UNINITIALIZED_AUTOS = YES_AGGRESSIVE;
				GCC_WARN_UNUSED_FUNCTION = YES;
				GCC_WARN_UNUSED_VARIABLE = YES;
				IPHONEOS_DEPLOYMENT_TARGET = 13.7;
				MTL_ENABLE_DEBUG_INFO = NO;
				MTL_FAST_MATH = YES;
				SDKROOT = iphoneos;
				SWIFT_COMPILATION_MODE = wholemodule;
				SWIFT_OPTIMIZATION_LEVEL = "-O";
				VALIDATE_PRODUCT = YES;
			};
			name = Release;
		};
		A2918E3C25AD8BD500CC811A /* Debug */ = {
			isa = XCBuildConfiguration;
			buildSettings = {
				ASSETCATALOG_COMPILER_APPICON_NAME = AppIcon;
				CODE_SIGN_STYLE = Automatic;
				DEVELOPMENT_ASSET_PATHS = "\"Stylish_VPN_App/Preview Content\"";
				ENABLE_PREVIEWS = YES;
				INFOPLIST_FILE = Stylish_VPN_App/Info.plist;
				LD_RUNPATH_SEARCH_PATHS = (
					"$(inherited)",
					"@executable_path/Frameworks",
				);
				PRODUCT_BUNDLE_IDENTIFIER = "park-kyung-suk.Stylish-VPN-App";
				PRODUCT_NAME = "$(TARGET_NAME)";
				SWIFT_VERSION = 5.0;
				TARGETED_DEVICE_FAMILY = "1,2";
			};
			name = Debug;
		};
		A2918E3D25AD8BD500CC811A /* Release */ = {
			isa = XCBuildConfiguration;
			buildSettings = {
				ASSETCATALOG_COMPILER_APPICON_NAME = AppIcon;
				CODE_SIGN_STYLE = Automatic;
				DEVELOPMENT_ASSET_PATHS = "\"Stylish_VPN_App/Preview Content\"";
				ENABLE_PREVIEWS = YES;
				INFOPLIST_FILE = Stylish_VPN_App/Info.plist;
				LD_RUNPATH_SEARCH_PATHS = (
					"$(inherited)",
					"@executable_path/Frameworks",
				);
				PRODUCT_BUNDLE_IDENTIFIER = "park-kyung-suk.Stylish-VPN-App";
				PRODUCT_NAME = "$(TARGET_NAME)";
				SWIFT_VERSION = 5.0;
				TARGETED_DEVICE_FAMILY = "1,2";
			};
			name = Release;
		};
/* End XCBuildConfiguration section */

/* Begin XCConfigurationList section */
		A2918E2225AD8BD200CC811A /* Build configuration list for PBXProject "Stylish_VPN_App" */ = {
			isa = XCConfigurationList;
			buildConfigurations = (
				A2918E3925AD8BD500CC811A /* Debug */,
				A2918E3A25AD8BD500CC811A /* Release */,
			);
			defaultConfigurationIsVisible = 0;
			defaultConfigurationName = Release;
		};
		A2918E3B25AD8BD500CC811A /* Build configuration list for PBXNativeTarget "Stylish_VPN_App" */ = {
			isa = XCConfigurationList;
			buildConfigurations = (
				A2918E3C25AD8BD500CC811A /* Debug */,
				A2918E3D25AD8BD500CC811A /* Release */,
			);
			defaultConfigurationIsVisible = 0;
			defaultConfigurationName = Release;
		};
/* End XCConfigurationList section */
	};
	rootObject = A2918E1F25AD8BD200CC811A /* Project object */;
}
